
Microsoft Visual Studio Solution File, Format Version 12.00
# Visual Studio 2015
Project("{FAE04EC0-301F-11D3-BF4B-00C04F79EFBC}") = "JITL360Player", "JITL360Player.csproj", "{2A0A7E93-5BBE-0AE8-B458-41EA8780E5C2}"
EndProject
Project("{FAE04EC0-301F-11D3-BF4B-00C04F79EFBC}") = "JITL360Player.Editor", "JITL360Player.Editor.csproj", "{1A53AFE2-72D3-8404-7337-27ECA3FA804B}"
EndProject
Global
	GlobalSection(SolutionConfigurationPlatforms) = preSolution
		Debug|Any CPU = Debug|Any CPU
		Release|Any CPU = Release|Any CPU
	EndGlobalSection
	GlobalSection(ProjectConfigurationPlatforms) = postSolution
		{2A0A7E93-5BBE-0AE8-B458-41EA8780E5C2}.Debug|Any CPU.ActiveCfg = Debug|Any CPU
		{2A0A7E93-5BBE-0AE8-B458-41EA8780E5C2}.Debug|Any CPU.Build.0 = Debug|Any CPU
		{2A0A7E93-5BBE-0AE8-B458-41EA8780E5C2}.Release|Any CPU.ActiveCfg = Release|Any CPU
		{2A0A7E93-5BBE-0AE8-B458-41EA8780E5C2}.Release|Any CPU.Build.0 = Release|Any CPU
		{1A53AFE2-72D3-8404-7337-27ECA3FA804B}.Debug|Any CPU.ActiveCfg = Debug|Any CPU
		{1A53AFE2-72D3-8404-7337-27ECA3FA804B}.Debug|Any CPU.Build.0 = Debug|Any CPU
		{1A53AFE2-72D3-8404-7337-27ECA3FA804B}.Release|Any CPU.ActiveCfg = Release|Any CPU
		{1A53AFE2-72D3-8404-7337-27ECA3FA804B}.Release|Any CPU.Build.0 = Release|Any CPU
	EndGlobalSection
	GlobalSection(SolutionProperties) = preSolution
		HideSolutionNode = FALSE
	EndGlobalSection
EndGlobal
